
Microsoft Visual Studio Solution File, Format Version 12.00
# Visual Studio Version 17
VisualStudioVersion = 17.0.32014.148
MinimumVisualStudioVersion = 10.0.40219.1
Project("{FAE04EC0-301F-11D3-BF4B-00C04F79EFBC}") = "WebApi", "WebApi\WebApi.csproj", "{6566A60C-C152-45BD-A982-2A15B588ACBF}"
EndProject
Global
	GlobalSection(SolutionConfigurationPlatforms) = preSolution
		Debug|Any CPU = Debug|Any CPU
		Release|Any CPU = Release|Any CPU
	EndGlobalSection
	GlobalSection(ProjectConfigurationPlatforms) = postSolution
		{6566A60C-C152-45BD-A982-2A15B588ACBF}.Debug|Any CPU.ActiveCfg = Debug|Any CPU
		{6566A60C-C152-45BD-A982-2A15B588ACBF}.Debug|Any CPU.Build.0 = Debug|Any CPU
		{6566A60C-C152-45BD-A982-2A15B588ACBF}.Release|Any CPU.ActiveCfg = Release|Any CPU
		{6566A60C-C152-45BD-A982-2A15B588ACBF}.Release|Any CPU.Build.0 = Release|Any CPU
	EndGlobalSection
	GlobalSection(SolutionProperties) = preSolution
		HideSolutionNode = FALSE
	EndGlobalSection
	GlobalSection(ExtensibilityGlobals) = postSolution
		SolutionGuid = {5DA5829F-824A-4A39-8A5C-5C84DE92EC6B}
	EndGlobalSection
EndGlobal
